lockfileVersion: '9.0'

settings:
  autoInstallPeers: true
  excludeLinksFromLockfile: false

importers:

  .:
    dependencies:
      chalk:
        specifier: ^5.4.1
        version: 5.4.1
      commander:
        specifier: ^13.1.0
        version: 13.1.0
      inquirer:
        specifier: ^12.6.0
        version: 12.6.0(@types/node@22.15.2)
      lodash:
        specifier: ^4.17.21
        version: 4.17.21
    devDependencies:
      '@biomejs/biome':
        specifier: ^1.9.4
        version: 1.9.4
      '@types/lodash':
        specifier: ^4.17.16
        version: 4.17.16
      '@types/node':
        specifier: ^22.15.2
        version: 22.15.2
      tsx:
        specifier: ^4.19.3
        version: 4.19.3
      typescript:
        specifier: ^5.8.3
        version: 5.8.3

packages:

  '@biomejs/biome@1.9.4':
    resolution: {integrity: sha512-1rkd7G70+o9KkTn5KLmDYXihGoTaIGO9PIIN2ZB7UJxFrWw04CZHPYiMRjYsaDvVV7hP1dYNRLxSANLaBFGpog==}
    engines: {node: '>=14.21.3'}
    hasBin: true

  '@biomejs/cli-darwin-arm64@1.9.4':
    resolution: {integrity: sha512-bFBsPWrNvkdKrNCYeAp+xo2HecOGPAy9WyNyB/jKnnedgzl4W4Hb9ZMzYNbf8dMCGmUdSavlYHiR01QaYR58cw==}
    engines: {node: '>=14.21.3'}
    cpu: [arm64]
    os: [darwin]

  '@biomejs/cli-darwin-x64@1.9.4':
    resolution: {integrity: sha512-ngYBh/+bEedqkSevPVhLP4QfVPCpb+4BBe2p7Xs32dBgs7rh9nY2AIYUL6BgLw1JVXV8GlpKmb/hNiuIxfPfZg==}
    engines: {node: '>=14.21.3'}
    cpu: [x64]
    os: [darwin]

  '@biomejs/cli-linux-arm64-musl@1.9.4':
    resolution: {integrity: sha512-v665Ct9WCRjGa8+kTr0CzApU0+XXtRgwmzIf1SeKSGAv+2scAlW6JR5PMFo6FzqqZ64Po79cKODKf3/AAmECqA==}
    engines: {node: '>=14.21.3'}
    cpu: [arm64]
    os: [linux]

  '@biomejs/cli-linux-arm64@1.9.4':
    resolution: {integrity: sha512-fJIW0+LYujdjUgJJuwesP4EjIBl/N/TcOX3IvIHJQNsAqvV2CHIogsmA94BPG6jZATS4Hi+xv4SkBBQSt1N4/g==}
    engines: {node: '>=14.21.3'}
    cpu: [arm64]
    os: [linux]

  '@biomejs/cli-linux-x64-musl@1.9.4':
    resolution: {integrity: sha512-gEhi/jSBhZ2m6wjV530Yy8+fNqG8PAinM3oV7CyO+6c3CEh16Eizm21uHVsyVBEB6RIM8JHIl6AGYCv6Q6Q9Tg==}
    engines: {node: '>=14.21.3'}
    cpu: [x64]
    os: [linux]

  '@biomejs/cli-linux-x64@1.9.4':
    resolution: {integrity: sha512-lRCJv/Vi3Vlwmbd6K+oQ0KhLHMAysN8lXoCI7XeHlxaajk06u7G+UsFSO01NAs5iYuWKmVZjmiOzJ0OJmGsMwg==}
    engines: {node: '>=14.21.3'}
    cpu: [x64]
    os: [linux]

  '@biomejs/cli-win32-arm64@1.9.4':
    resolution: {integrity: sha512-tlbhLk+WXZmgwoIKwHIHEBZUwxml7bRJgk0X2sPyNR3S93cdRq6XulAZRQJ17FYGGzWne0fgrXBKpl7l4M87Hg==}
    engines: {node: '>=14.21.3'}
    cpu: [arm64]
    os: [win32]

  '@biomejs/cli-win32-x64@1.9.4':
    resolution: {integrity: sha512-8Y5wMhVIPaWe6jw2H+KlEm4wP/f7EW3810ZLmDlrEEy5KvBsb9ECEfu/kMWD484ijfQ8+nIi0giMgu9g1UAuuA==}
    engines: {node: '>=14.21.3'}
    cpu: [x64]
    os: [win32]

  '@esbuild/aix-ppc64@0.25.3':
    resolution: {integrity: sha512-W8bFfPA8DowP8l//sxjJLSLkD8iEjMc7cBVyP+u4cEv9sM7mdUCkgsj+t0n/BWPFtv7WWCN5Yzj0N6FJNUUqBQ==}
    engines: {node: '>=18'}
    cpu: [ppc64]
    os: [aix]

  '@esbuild/android-arm64@0.25.3':
    resolution: {integrity: sha512-XelR6MzjlZuBM4f5z2IQHK6LkK34Cvv6Rj2EntER3lwCBFdg6h2lKbtRjpTTsdEjD/WSe1q8UyPBXP1x3i/wYQ==}
    engines: {node: '>=18'}
    cpu: [arm64]
    os: [android]

  '@esbuild/android-arm@0.25.3':
    resolution: {integrity: sha512-PuwVXbnP87Tcff5I9ngV0lmiSu40xw1At6i3GsU77U7cjDDB4s0X2cyFuBiDa1SBk9DnvWwnGvVaGBqoFWPb7A==}
    engines: {node: '>=18'}
    cpu: [arm]
    os: [android]

  '@esbuild/android-x64@0.25.3':
    resolution: {integrity: sha512-ogtTpYHT/g1GWS/zKM0cc/tIebFjm1F9Aw1boQ2Y0eUQ+J89d0jFY//s9ei9jVIlkYi8AfOjiixcLJSGNSOAdQ==}
    engines: {node: '>=18'}
    cpu: [x64]
    os: [android]

  '@esbuild/darwin-arm64@0.25.3':
    resolution: {integrity: sha512-eESK5yfPNTqpAmDfFWNsOhmIOaQA59tAcF/EfYvo5/QWQCzXn5iUSOnqt3ra3UdzBv073ykTtmeLJZGt3HhA+w==}
    engines: {node: '>=18'}
    cpu: [arm64]
    os: [darwin]

  '@esbuild/darwin-x64@0.25.3':
    resolution: {integrity: sha512-Kd8glo7sIZtwOLcPbW0yLpKmBNWMANZhrC1r6K++uDR2zyzb6AeOYtI6udbtabmQpFaxJ8uduXMAo1gs5ozz8A==}
    engines: {node: '>=18'}
    cpu: [x64]
    os: [darwin]

  '@esbuild/freebsd-arm64@0.25.3':
    resolution: {integrity: sha512-EJiyS70BYybOBpJth3M0KLOus0n+RRMKTYzhYhFeMwp7e/RaajXvP+BWlmEXNk6uk+KAu46j/kaQzr6au+JcIw==}
    engines: {node: '>=18'}
    cpu: [arm64]
    os: [freebsd]

  '@esbuild/freebsd-x64@0.25.3':
    resolution: {integrity: sha512-Q+wSjaLpGxYf7zC0kL0nDlhsfuFkoN+EXrx2KSB33RhinWzejOd6AvgmP5JbkgXKmjhmpfgKZq24pneodYqE8Q==}
    engines: {node: '>=18'}
    cpu: [x64]
    os: [freebsd]

  '@esbuild/linux-arm64@0.25.3':
    resolution: {integrity: sha512-xCUgnNYhRD5bb1C1nqrDV1PfkwgbswTTBRbAd8aH5PhYzikdf/ddtsYyMXFfGSsb/6t6QaPSzxtbfAZr9uox4A==}
    engines: {node: '>=18'}
    cpu: [arm64]
    os: [linux]

  '@esbuild/linux-arm@0.25.3':
    resolution: {integrity: sha512-dUOVmAUzuHy2ZOKIHIKHCm58HKzFqd+puLaS424h6I85GlSDRZIA5ycBixb3mFgM0Jdh+ZOSB6KptX30DD8YOQ==}
    engines: {node: '>=18'}
    cpu: [arm]
    os: [linux]

  '@esbuild/linux-ia32@0.25.3':
    resolution: {integrity: sha512-yplPOpczHOO4jTYKmuYuANI3WhvIPSVANGcNUeMlxH4twz/TeXuzEP41tGKNGWJjuMhotpGabeFYGAOU2ummBw==}
    engines: {node: '>=18'}
    cpu: [ia32]
    os: [linux]

  '@esbuild/linux-loong64@0.25.3':
    resolution: {integrity: sha512-P4BLP5/fjyihmXCELRGrLd793q/lBtKMQl8ARGpDxgzgIKJDRJ/u4r1A/HgpBpKpKZelGct2PGI4T+axcedf6g==}
    engines: {node: '>=18'}
    cpu: [loong64]
    os: [linux]

  '@esbuild/linux-mips64el@0.25.3':
    resolution: {integrity: sha512-eRAOV2ODpu6P5divMEMa26RRqb2yUoYsuQQOuFUexUoQndm4MdpXXDBbUoKIc0iPa4aCO7gIhtnYomkn2x+bag==}
    engines: {node: '>=18'}
    cpu: [mips64el]
    os: [linux]

  '@esbuild/linux-ppc64@0.25.3':
    resolution: {integrity: sha512-ZC4jV2p7VbzTlnl8nZKLcBkfzIf4Yad1SJM4ZMKYnJqZFD4rTI+pBG65u8ev4jk3/MPwY9DvGn50wi3uhdaghg==}
    engines: {node: '>=18'}
    cpu: [ppc64]
    os: [linux]

  '@esbuild/linux-riscv64@0.25.3':
    resolution: {integrity: sha512-LDDODcFzNtECTrUUbVCs6j9/bDVqy7DDRsuIXJg6so+mFksgwG7ZVnTruYi5V+z3eE5y+BJZw7VvUadkbfg7QA==}
    engines: {node: '>=18'}
    cpu: [riscv64]
    os: [linux]

  '@esbuild/linux-s390x@0.25.3':
    resolution: {integrity: sha512-s+w/NOY2k0yC2p9SLen+ymflgcpRkvwwa02fqmAwhBRI3SC12uiS10edHHXlVWwfAagYSY5UpmT/zISXPMW3tQ==}
    engines: {node: '>=18'}
    cpu: [s390x]
    os: [linux]

  '@esbuild/linux-x64@0.25.3':
    resolution: {integrity: sha512-nQHDz4pXjSDC6UfOE1Fw9Q8d6GCAd9KdvMZpfVGWSJztYCarRgSDfOVBY5xwhQXseiyxapkiSJi/5/ja8mRFFA==}
    engines: {node: '>=18'}
    cpu: [x64]
    os: [linux]

  '@esbuild/netbsd-arm64@0.25.3':
    resolution: {integrity: sha512-1QaLtOWq0mzK6tzzp0jRN3eccmN3hezey7mhLnzC6oNlJoUJz4nym5ZD7mDnS/LZQgkrhEbEiTn515lPeLpgWA==}
    engines: {node: '>=18'}
    cpu: [arm64]
    os: [netbsd]

  '@esbuild/netbsd-x64@0.25.3':
    resolution: {integrity: sha512-i5Hm68HXHdgv8wkrt+10Bc50zM0/eonPb/a/OFVfB6Qvpiirco5gBA5bz7S2SHuU+Y4LWn/zehzNX14Sp4r27g==}
    engines: {node: '>=18'}
    cpu: [x64]
    os: [netbsd]

  '@esbuild/openbsd-arm64@0.25.3':
    resolution: {integrity: sha512-zGAVApJEYTbOC6H/3QBr2mq3upG/LBEXr85/pTtKiv2IXcgKV0RT0QA/hSXZqSvLEpXeIxah7LczB4lkiYhTAQ==}
    engines: {node: '>=18'}
    cpu: [arm64]
    os: [openbsd]

  '@esbuild/openbsd-x64@0.25.3':
    resolution: {integrity: sha512-fpqctI45NnCIDKBH5AXQBsD0NDPbEFczK98hk/aa6HJxbl+UtLkJV2+Bvy5hLSLk3LHmqt0NTkKNso1A9y1a4w==}
    engines: {node: '>=18'}
    cpu: [x64]
    os: [openbsd]

  '@esbuild/sunos-x64@0.25.3':
    resolution: {integrity: sha512-ROJhm7d8bk9dMCUZjkS8fgzsPAZEjtRJqCAmVgB0gMrvG7hfmPmz9k1rwO4jSiblFjYmNvbECL9uhaPzONMfgA==}
    engines: {node: '>=18'}
    cpu: [x64]
    os: [sunos]

  '@esbuild/win32-arm64@0.25.3':
    resolution: {integrity: sha512-YWcow8peiHpNBiIXHwaswPnAXLsLVygFwCB3A7Bh5jRkIBFWHGmNQ48AlX4xDvQNoMZlPYzjVOQDYEzWCqufMQ==}
    engines: {node: '>=18'}
    cpu: [arm64]
    os: [win32]

  '@esbuild/win32-ia32@0.25.3':
    resolution: {integrity: sha512-qspTZOIGoXVS4DpNqUYUs9UxVb04khS1Degaw/MnfMe7goQ3lTfQ13Vw4qY/Nj0979BGvMRpAYbs/BAxEvU8ew==}
    engines: {node: '>=18'}
    cpu: [ia32]
    os: [win32]

  '@esbuild/win32-x64@0.25.3':
    resolution: {integrity: sha512-ICgUR+kPimx0vvRzf+N/7L7tVSQeE3BYY+NhHRHXS1kBuPO7z2+7ea2HbhDyZdTephgvNvKrlDDKUexuCVBVvg==}
    engines: {node: '>=18'}
    cpu: [x64]
    os: [win32]

  '@inquirer/checkbox@4.1.5':
    resolution: {integrity: sha512-swPczVU+at65xa5uPfNP9u3qx/alNwiaykiI/ExpsmMSQW55trmZcwhYWzw/7fj+n6Q8z1eENvR7vFfq9oPSAQ==}
    engines: {node: '>=18'}
    peerDependencies:
      '@types/node': '>=18'
    peerDependenciesMeta:
      '@types/node':
        optional: true

  '@inquirer/confirm@5.1.9':
    resolution: {integrity: sha512-NgQCnHqFTjF7Ys2fsqK2WtnA8X1kHyInyG+nMIuHowVTIgIuS10T4AznI/PvbqSpJqjCUqNBlKGh1v3bwLFL4w==}
    engines: {node: '>=18'}
    peerDependencies:
      '@types/node': '>=18'
    peerDependenciesMeta:
      '@types/node':
        optional: true

  '@inquirer/core@10.1.10':
    resolution: {integrity: sha512-roDaKeY1PYY0aCqhRmXihrHjoSW2A00pV3Ke5fTpMCkzcGF64R8e0lw3dK+eLEHwS4vB5RnW1wuQmvzoRul8Mw==}
    engines: {node: '>=18'}
    peerDependencies:
      '@types/node': '>=18'
    peerDependenciesMeta:
      '@types/node':
        optional: true

  '@inquirer/editor@4.2.10':
    resolution: {integrity: sha512-5GVWJ+qeI6BzR6TIInLP9SXhWCEcvgFQYmcRG6d6RIlhFjM5TyG18paTGBgRYyEouvCmzeco47x9zX9tQEofkw==}
    engines: {node: '>=18'}
    peerDependencies:
      '@types/node': '>=18'
    peerDependenciesMeta:
      '@types/node':
        optional: true

  '@inquirer/expand@4.0.12':
    resolution: {integrity: sha512-jV8QoZE1fC0vPe6TnsOfig+qwu7Iza1pkXoUJ3SroRagrt2hxiL+RbM432YAihNR7m7XnU0HWl/WQ35RIGmXHw==}
    engines: {node: '>=18'}
    peerDependencies:
      '@types/node': '>=18'
    peerDependenciesMeta:
      '@types/node':
        optional: true

  '@inquirer/figures@1.0.11':
    resolution: {integrity: sha512-eOg92lvrn/aRUqbxRyvpEWnrvRuTYRifixHkYVpJiygTgVSBIHDqLh0SrMQXkafvULg3ck11V7xvR+zcgvpHFw==}
    engines: {node: '>=18'}

  '@inquirer/input@4.1.9':
    resolution: {integrity: sha512-mshNG24Ij5KqsQtOZMgj5TwEjIf+F2HOESk6bjMwGWgcH5UBe8UoljwzNFHqdMbGYbgAf6v2wU/X9CAdKJzgOA==}
    engines: {node: '>=18'}
    peerDependencies:
      '@types/node': '>=18'
    peerDependenciesMeta:
      '@types/node':
        optional: true

  '@inquirer/number@3.0.12':
    resolution: {integrity: sha512-7HRFHxbPCA4e4jMxTQglHJwP+v/kpFsCf2szzfBHy98Wlc3L08HL76UDiA87TOdX5fwj2HMOLWqRWv9Pnn+Z5Q==}
    engines: {node: '>=18'}
    peerDependencies:
      '@types/node': '>=18'
    peerDependenciesMeta:
      '@types/node':
        optional: true

  '@inquirer/password@4.0.12':
    resolution: {integrity: sha512-FlOB0zvuELPEbnBYiPaOdJIaDzb2PmJ7ghi/SVwIHDDSQ2K4opGBkF+5kXOg6ucrtSUQdLhVVY5tycH0j0l+0g==}
    engines: {node: '>=18'}
    peerDependencies:
      '@types/node': '>=18'
    peerDependenciesMeta:
      '@types/node':
        optional: true

  '@inquirer/prompts@7.5.0':
    resolution: {integrity: sha512-tk8Bx7l5AX/CR0sVfGj3Xg6v7cYlFBkEahH+EgBB+cZib6Fc83dwerTbzj7f2+qKckjIUGsviWRI1d7lx6nqQA==}
    engines: {node: '>=18'}
    peerDependencies:
      '@types/node': '>=18'
    peerDependenciesMeta:
      '@types/node':
        optional: true

  '@inquirer/rawlist@4.1.0':
    resolution: {integrity: sha512-6ob45Oh9pXmfprKqUiEeMz/tjtVTFQTgDDz1xAMKMrIvyrYjAmRbQZjMJfsictlL4phgjLhdLu27IkHNnNjB7g==}
    engines: {node: '>=18'}
    peerDependencies:
      '@types/node': '>=18'
    peerDependenciesMeta:
      '@types/node':
        optional: true

  '@inquirer/search@3.0.12':
    resolution: {integrity: sha512-H/kDJA3kNlnNIjB8YsaXoQI0Qccgf0Na14K1h8ExWhNmUg2E941dyFPrZeugihEa9AZNW5NdsD/NcvUME83OPQ==}
    engines: {node: '>=18'}
    peerDependencies:
      '@types/node': '>=18'
    peerDependenciesMeta:
      '@types/node':
        optional: true

  '@inquirer/select@4.2.0':
    resolution: {integrity: sha512-KkXQ4aSySWimpV4V/TUJWdB3tdfENZUU765GjOIZ0uPwdbGIG6jrxD4dDf1w68uP+DVtfNhr1A92B+0mbTZ8FA==}
    engines: {node: '>=18'}
    peerDependencies:
      '@types/node': '>=18'
    peerDependenciesMeta:
      '@types/node':
        optional: true

  '@inquirer/type@3.0.6':
    resolution: {integrity: sha512-/mKVCtVpyBu3IDarv0G+59KC4stsD5mDsGpYh+GKs1NZT88Jh52+cuoA1AtLk2Q0r/quNl+1cSUyLRHBFeD0XA==}
    engines: {node: '>=18'}
    peerDependencies:
      '@types/node': '>=18'
    peerDependenciesMeta:
      '@types/node':
        optional: true

  '@types/lodash@4.17.16':
    resolution: {integrity: sha512-HX7Em5NYQAXKW+1T+FiuG27NGwzJfCX3s1GjOa7ujxZa52kjJLOr4FUxT+giF6Tgxv1e+/czV/iTtBw27WTU9g==}

  '@types/node@22.15.2':
    resolution: {integrity: sha512-uKXqKN9beGoMdBfcaTY1ecwz6ctxuJAcUlwE55938g0ZJ8lRxwAZqRz2AJ4pzpt5dHdTPMB863UZ0ESiFUcP7A==}

  ansi-escapes@4.3.2:
    resolution: {integrity: sha512-gKXj5ALrKWQLsYG9jlTRmR/xKluxHV+Z9QEwNIgCfM1/uwPMCuzVVnh5mwTd+OuBZcwSIMbqssNWRm1lE51QaQ==}
    engines: {node: '>=8'}

  ansi-regex@5.0.1:
    resolution: {integrity: sha512-quJQXlTSUGL2LH9SUXo8VwsY4soanhgo6LNSm84E1LBcE8s3O0wpdiRzyR9z/ZZJMlMWv37qOOb9pdJlMUEKFQ==}
    engines: {node: '>=8'}

  ansi-styles@4.3.0:
    resolution: {integrity: sha512-zbB9rCJAT1rbjiVDb2hqKFHNYLxgtk8NURxZ3IZwD3F6NtxbXZQCnnSi1Lkx+IDohdPlFp222wVALIheZJQSEg==}
    engines: {node: '>=8'}

  chalk@5.4.1:
    resolution: {integrity: sha512-zgVZuo2WcZgfUEmsn6eO3kINexW8RAE4maiQ8QNs8CtpPCSyMiYsULR3HQYkm3w8FIA3SberyMJMSldGsW+U3w==}
    engines: {node: ^12.17.0 || ^14.13 || >=16.0.0}

  chardet@0.7.0:
    resolution: {integrity: sha512-mT8iDcrh03qDGRRmoA2hmBJnxpllMR+0/0qlzjqZES6NdiWDcZkCNAk4rPFZ9Q85r27unkiNNg8ZOiwZXBHwcA==}

  cli-width@4.1.0:
    resolution: {integrity: sha512-ouuZd4/dm2Sw5Gmqy6bGyNNNe1qt9RpmxveLSO7KcgsTnU7RXfsw+/bukWGo1abgBiMAic068rclZsO4IWmmxQ==}
    engines: {node: '>= 12'}

  color-convert@2.0.1:
    resolution: {integrity: sha512-RRECPsj7iu/xb5oKYcsFHSppFNnsj/52OVTRKb4zP5onXwVF3zVmmToNcOfGC+CRDpfK/U584fMg38ZHCaElKQ==}
    engines: {node: '>=7.0.0'}

  color-name@1.1.4:
    resolution: {integrity: sha512-dOy+3AuW3a2wNbZHIuMZpTcgjGuLU/uBL/ubcZF9OXbDo8ff4O8yVp5Bf0efS8uEoYo5q4Fx7dY9OgQGXgAsQA==}

  commander@13.1.0:
    resolution: {integrity: sha512-/rFeCpNJQbhSZjGVwO9RFV3xPqbnERS8MmIQzCtD/zl6gpJuV/bMLuN92oG3F7d8oDEHHRrujSXNUr8fpjntKw==}
    engines: {node: '>=18'}

  emoji-regex@8.0.0:
    resolution: {integrity: sha512-MSjYzcWNOA0ewAHpz0MxpYFvwg6yjy1NG3xteoqz644VCo/RPgnr1/GGt+ic3iJTzQ8Eu3TdM14SawnVUmGE6A==}

  esbuild@0.25.3:
    resolution: {integrity: sha512-qKA6Pvai73+M2FtftpNKRxJ78GIjmFXFxd/1DVBqGo/qNhLSfv+G12n9pNoWdytJC8U00TrViOwpjT0zgqQS8Q==}
    engines: {node: '>=18'}
    hasBin: true

  external-editor@3.1.0:
    resolution: {integrity: sha512-hMQ4CX1p1izmuLYyZqLMO/qGNw10wSv9QDCPfzXfyFrOaCSSoRfqE1Kf1s5an66J5JZC62NewG+mK49jOCtQew==}
    engines: {node: '>=4'}

  fsevents@2.3.3:
    resolution: {integrity: sha512-5xoDfX+fL7faATnagmWPpbFtwh/R77WmMMqqHGS65C3vvB0YHrgF+B1YmZ3441tMj5n63k0212XNoJwzlhffQw==}
    engines: {node: ^8.16.0 || ^10.6.0 || >=11.0.0}
    os: [darwin]

  get-tsconfig@4.10.0:
    resolution: {integrity: sha512-kGzZ3LWWQcGIAmg6iWvXn0ei6WDtV26wzHRMwDSzmAbcXrTEXxHy6IehI6/4eT6VRKyMP1eF1VqwrVUmE/LR7A==}

  iconv-lite@0.4.24:
    resolution: {integrity: sha512-v3MXnZAcvnywkTUEZomIActle7RXXeedOR31wwl7VlyoXO4Qi9arvSenNQWne1TcRwhCL1HwLI21bEqdpj8/rA==}
    engines: {node: '>=0.10.0'}

  inquirer@12.6.0:
    resolution: {integrity: sha512-3zmmccQd/8o65nPOZJZ+2wqt76Ghw3+LaMrmc6JE/IzcvQhJ1st+QLCOo/iLS85/tILU0myG31a2TAZX0ysAvg==}
    engines: {node: '>=18'}
    peerDependencies:
      '@types/node': '>=18'
    peerDependenciesMeta:
      '@types/node':
        optional: true

  is-fullwidth-code-point@3.0.0:
    resolution: {integrity: sha512-zymm5+u+sCsSWyD9qNaejV3DFvhCKclKdizYaJUuHA83RLjb7nSuGnddCHGv0hk+KY7BMAlsWeK4Ueg6EV6XQg==}
    engines: {node: '>=8'}

  lodash@4.17.21:
    resolution: {integrity: sha512-v2kDEe57lecTulaDIuNTPy3Ry4gLGJ6Z1O3vE1krgXZNrsQ+LFTGHVxVjcXPs17LhbZVGedAJv8XZ1tvj5FvSg==}

  mute-stream@2.0.0:
    resolution: {integrity: sha512-WWdIxpyjEn+FhQJQQv9aQAYlHoNVdzIzUySNV1gHUPDSdZJ3yZn7pAAbQcV7B56Mvu881q9FZV+0Vx2xC44VWA==}
    engines: {node: ^18.17.0 || >=20.5.0}

  os-tmpdir@1.0.2:
    resolution: {integrity: sha512-D2FR03Vir7FIu45XBY20mTb+/ZSWB00sjU9jdQXt83gDrI4Ztz5Fs7/yy74g2N5SVQY4xY1qDr4rNddwYRVX0g==}
    engines: {node: '>=0.10.0'}

  resolve-pkg-maps@1.0.0:
    resolution: {integrity: sha512-seS2Tj26TBVOC2NIc2rOe2y2ZO7efxITtLZcGSOnHHNOQ7CkiUBfw0Iw2ck6xkIhPwLhKNLS8BO+hEpngQlqzw==}

  run-async@3.0.0:
    resolution: {integrity: sha512-540WwVDOMxA6dN6We19EcT9sc3hkXPw5mzRNGM3FkdN/vtE9NFvj5lFAPNwUDmJjXidm3v7TC1cTE7t17Ulm1Q==}
    engines: {node: '>=0.12.0'}

  rxjs@7.8.2:
    resolution: {integrity: sha512-dhKf903U/PQZY6boNNtAGdWbG85WAbjT/1xYoZIC7FAY0yWapOBQVsVrDl58W86//e1VpMNBtRV4MaXfdMySFA==}

  safer-buffer@2.1.2:
    resolution: {integrity: sha512-YZo3K82SD7Riyi0E1EQPojLz7kpepnSQI9IyPbHHg1XXXevb5dJI7tpyN2ADxGcQbHG7vcyRHk0cbwqcQriUtg==}

  signal-exit@4.1.0:
    resolution: {integrity: sha512-bzyZ1e88w9O1iNJbKnOlvYTrWPDl46O1bG0D3XInv+9tkPrxrN8jUUTiFlDkkmKWgn1M6CfIA13SuGqOa9Korw==}
    engines: {node: '>=14'}

  string-width@4.2.3:
    resolution: {integrity: sha512-wKyQRQpjJ0sIp62ErSZdGsjMJWsap5oRNihHhu6G7JVO/9jIB6UyevL+tXuOqrng8j/cxKTWyWUwvSTriiZz/g==}
    engines: {node: '>=8'}

  strip-ansi@6.0.1:
    resolution: {integrity: sha512-Y38VPSHcqkFrCpFnQ9vuSXmquuv5oXOKpGeT6aGrr3o3Gc9AlVa6JBfUSOCnbxGGZF+/0ooI7KrPuUSztUdU5A==}
    engines: {node: '>=8'}

  tmp@0.0.33:
    resolution: {integrity: sha512-jRCJlojKnZ3addtTOjdIqoRuPEKBvNXcGYqzO6zWZX8KfKEpnGY5jfggJQ3EjKuu8D4bJRr0y+cYJFmYbImXGw==}
    engines: {node: '>=0.6.0'}

  tslib@2.8.1:
    resolution: {integrity: sha512-oJFu94HQb+KVduSUQL7wnpmqnfmLsOA/nAh6b6EH0wCEoK0/mPeXU6c3wKDV83MkOuHPRHtSXKKU99IBazS/2w==}

  tsx@4.19.3:
    resolution: {integrity: sha512-4H8vUNGNjQ4V2EOoGw005+c+dGuPSnhpPBPHBtsZdGZBk/iJb4kguGlPWaZTZ3q5nMtFOEsY0nRDlh9PJyd6SQ==}
    engines: {node: '>=18.0.0'}
    hasBin: true

  type-fest@0.21.3:
    resolution: {integrity: sha512-t0rzBq87m3fVcduHDUFhKmyyX+9eo6WQjZvf51Ea/M0Q7+T374Jp1aUiyUl0GKxp8M/OETVHSDvmkyPgvX+X2w==}
    engines: {node: '>=10'}

  typescript@5.8.3:
    resolution: {integrity: sha512-p1diW6TqL9L07nNxvRMM7hMMw4c5XOo/1ibL4aAIGmSAt9slTE1Xgw5KWuof2uTOvCg9BY7ZRi+GaF+7sfgPeQ==}
    engines: {node: '>=14.17'}
    hasBin: true

  undici-types@6.21.0:
    resolution: {integrity: sha512-iwDZqg0QAGrg9Rav5H4n0M64c3mkR59cJ6wQp+7C4nI0gsmExaedaYLNO44eT4AtBBwjbTiGPMlt2Md0T9H9JQ==}

  wrap-ansi@6.2.0:
    resolution: {integrity: sha512-r6lPcBGxZXlIcymEu7InxDMhdW0KDxpLgoFLcguasxCaJ/SOIZwINatK9KY/tf+ZrlywOKU0UDj3ATXUBfxJXA==}
    engines: {node: '>=8'}

  yoctocolors-cjs@2.1.2:
    resolution: {integrity: sha512-cYVsTjKl8b+FrnidjibDWskAv7UKOfcwaVZdp/it9n1s9fU3IkgDbhdIRKCW4JDsAlECJY0ytoVPT3sK6kideA==}
    engines: {node: '>=18'}

snapshots:

  '@biomejs/biome@1.9.4':
    optionalDependencies:
      '@biomejs/cli-darwin-arm64': 1.9.4
      '@biomejs/cli-darwin-x64': 1.9.4
      '@biomejs/cli-linux-arm64': 1.9.4
      '@biomejs/cli-linux-arm64-musl': 1.9.4
      '@biomejs/cli-linux-x64': 1.9.4
      '@biomejs/cli-linux-x64-musl': 1.9.4
      '@biomejs/cli-win32-arm64': 1.9.4
      '@biomejs/cli-win32-x64': 1.9.4

  '@biomejs/cli-darwin-arm64@1.9.4':
    optional: true

  '@biomejs/cli-darwin-x64@1.9.4':
    optional: true

  '@biomejs/cli-linux-arm64-musl@1.9.4':
    optional: true

  '@biomejs/cli-linux-arm64@1.9.4':
    optional: true

  '@biomejs/cli-linux-x64-musl@1.9.4':
    optional: true

  '@biomejs/cli-linux-x64@1.9.4':
    optional: true

  '@biomejs/cli-win32-arm64@1.9.4':
    optional: true

  '@biomejs/cli-win32-x64@1.9.4':
    optional: true

  '@esbuild/aix-ppc64@0.25.3':
    optional: true

  '@esbuild/android-arm64@0.25.3':
    optional: true

  '@esbuild/android-arm@0.25.3':
    optional: true

  '@esbuild/android-x64@0.25.3':
    optional: true

  '@esbuild/darwin-arm64@0.25.3':
    optional: true

  '@esbuild/darwin-x64@0.25.3':
    optional: true

  '@esbuild/freebsd-arm64@0.25.3':
    optional: true

  '@esbuild/freebsd-x64@0.25.3':
    optional: true

  '@esbuild/linux-arm64@0.25.3':
    optional: true

  '@esbuild/linux-arm@0.25.3':
    optional: true

  '@esbuild/linux-ia32@0.25.3':
    optional: true

  '@esbuild/linux-loong64@0.25.3':
    optional: true

  '@esbuild/linux-mips64el@0.25.3':
    optional: true

  '@esbuild/linux-ppc64@0.25.3':
    optional: true

  '@esbuild/linux-riscv64@0.25.3':
    optional: true

  '@esbuild/linux-s390x@0.25.3':
    optional: true

  '@esbuild/linux-x64@0.25.3':
    optional: true

  '@esbuild/netbsd-arm64@0.25.3':
    optional: true

  '@esbuild/netbsd-x64@0.25.3':
    optional: true

  '@esbuild/openbsd-arm64@0.25.3':
    optional: true

  '@esbuild/openbsd-x64@0.25.3':
    optional: true

  '@esbuild/sunos-x64@0.25.3':
    optional: true

  '@esbuild/win32-arm64@0.25.3':
    optional: true

  '@esbuild/win32-ia32@0.25.3':
    optional: true

  '@esbuild/win32-x64@0.25.3':
    optional: true

  '@inquirer/checkbox@4.1.5(@types/node@22.15.2)':
    dependencies:
      '@inquirer/core': 10.1.10(@types/node@22.15.2)
      '@inquirer/figures': 1.0.11
      '@inquirer/type': 3.0.6(@types/node@22.15.2)
      ansi-escapes: 4.3.2
      yoctocolors-cjs: 2.1.2
    optionalDependencies:
      '@types/node': 22.15.2

  '@inquirer/confirm@5.1.9(@types/node@22.15.2)':
    dependencies:
      '@inquirer/core': 10.1.10(@types/node@22.15.2)
      '@inquirer/type': 3.0.6(@types/node@22.15.2)
    optionalDependencies:
      '@types/node': 22.15.2

  '@inquirer/core@10.1.10(@types/node@22.15.2)':
    dependencies:
      '@inquirer/figures': 1.0.11
      '@inquirer/type': 3.0.6(@types/node@22.15.2)
      ansi-escapes: 4.3.2
      cli-width: 4.1.0
      mute-stream: 2.0.0
      signal-exit: 4.1.0
      wrap-ansi: 6.2.0
      yoctocolors-cjs: 2.1.2
    optionalDependencies:
      '@types/node': 22.15.2

  '@inquirer/editor@4.2.10(@types/node@22.15.2)':
    dependencies:
      '@inquirer/core': 10.1.10(@types/node@22.15.2)
      '@inquirer/type': 3.0.6(@types/node@22.15.2)
      external-editor: 3.1.0
    optionalDependencies:
      '@types/node': 22.15.2

  '@inquirer/expand@4.0.12(@types/node@22.15.2)':
    dependencies:
      '@inquirer/core': 10.1.10(@types/node@22.15.2)
      '@inquirer/type': 3.0.6(@types/node@22.15.2)
      yoctocolors-cjs: 2.1.2
    optionalDependencies:
      '@types/node': 22.15.2

  '@inquirer/figures@1.0.11': {}

  '@inquirer/input@4.1.9(@types/node@22.15.2)':
    dependencies:
      '@inquirer/core': 10.1.10(@types/node@22.15.2)
      '@inquirer/type': 3.0.6(@types/node@22.15.2)
    optionalDependencies:
      '@types/node': 22.15.2

  '@inquirer/number@3.0.12(@types/node@22.15.2)':
    dependencies:
      '@inquirer/core': 10.1.10(@types/node@22.15.2)
      '@inquirer/type': 3.0.6(@types/node@22.15.2)
    optionalDependencies:
      '@types/node': 22.15.2

  '@inquirer/password@4.0.12(@types/node@22.15.2)':
    dependencies:
      '@inquirer/core': 10.1.10(@types/node@22.15.2)
      '@inquirer/type': 3.0.6(@types/node@22.15.2)
      ansi-escapes: 4.3.2
    optionalDependencies:
      '@types/node': 22.15.2

  '@inquirer/prompts@7.5.0(@types/node@22.15.2)':
    dependencies:
      '@inquirer/checkbox': 4.1.5(@types/node@22.15.2)
      '@inquirer/confirm': 5.1.9(@types/node@22.15.2)
      '@inquirer/editor': 4.2.10(@types/node@22.15.2)
      '@inquirer/expand': 4.0.12(@types/node@22.15.2)
      '@inquirer/input': 4.1.9(@types/node@22.15.2)
      '@inquirer/number': 3.0.12(@types/node@22.15.2)
      '@inquirer/password': 4.0.12(@types/node@22.15.2)
      '@inquirer/rawlist': 4.1.0(@types/node@22.15.2)
      '@inquirer/search': 3.0.12(@types/node@22.15.2)
      '@inquirer/select': 4.2.0(@types/node@22.15.2)
    optionalDependencies:
      '@types/node': 22.15.2

  '@inquirer/rawlist@4.1.0(@types/node@22.15.2)':
    dependencies:
      '@inquirer/core': 10.1.10(@types/node@22.15.2)
      '@inquirer/type': 3.0.6(@types/node@22.15.2)
      yoctocolors-cjs: 2.1.2
    optionalDependencies:
      '@types/node': 22.15.2

  '@inquirer/search@3.0.12(@types/node@22.15.2)':
    dependencies:
      '@inquirer/core': 10.1.10(@types/node@22.15.2)
      '@inquirer/figures': 1.0.11
      '@inquirer/type': 3.0.6(@types/node@22.15.2)
      yoctocolors-cjs: 2.1.2
    optionalDependencies:
      '@types/node': 22.15.2

  '@inquirer/select@4.2.0(@types/node@22.15.2)':
    dependencies:
      '@inquirer/core': 10.1.10(@types/node@22.15.2)
      '@inquirer/figures': 1.0.11
      '@inquirer/type': 3.0.6(@types/node@22.15.2)
      ansi-escapes: 4.3.2
      yoctocolors-cjs: 2.1.2
    optionalDependencies:
      '@types/node': 22.15.2

  '@inquirer/type@3.0.6(@types/node@22.15.2)':
    optionalDependencies:
      '@types/node': 22.15.2

  '@types/lodash@4.17.16': {}

  '@types/node@22.15.2':
    dependencies:
      undici-types: 6.21.0

  ansi-escapes@4.3.2:
    dependencies:
      type-fest: 0.21.3

  ansi-regex@5.0.1: {}

  ansi-styles@4.3.0:
    dependencies:
      color-convert: 2.0.1

  chalk@5.4.1: {}

  chardet@0.7.0: {}

  cli-width@4.1.0: {}

  color-convert@2.0.1:
    dependencies:
      color-name: 1.1.4

  color-name@1.1.4: {}

  commander@13.1.0: {}

  emoji-regex@8.0.0: {}

  esbuild@0.25.3:
    optionalDependencies:
      '@esbuild/aix-ppc64': 0.25.3
      '@esbuild/android-arm': 0.25.3
      '@esbuild/android-arm64': 0.25.3
      '@esbuild/android-x64': 0.25.3
      '@esbuild/darwin-arm64': 0.25.3
      '@esbuild/darwin-x64': 0.25.3
      '@esbuild/freebsd-arm64': 0.25.3
      '@esbuild/freebsd-x64': 0.25.3
      '@esbuild/linux-arm': 0.25.3
      '@esbuild/linux-arm64': 0.25.3
      '@esbuild/linux-ia32': 0.25.3
      '@esbuild/linux-loong64': 0.25.3
      '@esbuild/linux-mips64el': 0.25.3
      '@esbuild/linux-ppc64': 0.25.3
      '@esbuild/linux-riscv64': 0.25.3
      '@esbuild/linux-s390x': 0.25.3
      '@esbuild/linux-x64': 0.25.3
      '@esbuild/netbsd-arm64': 0.25.3
      '@esbuild/netbsd-x64': 0.25.3
      '@esbuild/openbsd-arm64': 0.25.3
      '@esbuild/openbsd-x64': 0.25.3
      '@esbuild/sunos-x64': 0.25.3
      '@esbuild/win32-arm64': 0.25.3
      '@esbuild/win32-ia32': 0.25.3
      '@esbuild/win32-x64': 0.25.3

  external-editor@3.1.0:
    dependencies:
      chardet: 0.7.0
      iconv-lite: 0.4.24
      tmp: 0.0.33

  fsevents@2.3.3:
    optional: true

  get-tsconfig@4.10.0:
    dependencies:
      resolve-pkg-maps: 1.0.0

  iconv-lite@0.4.24:
    dependencies:
      safer-buffer: 2.1.2

  inquirer@12.6.0(@types/node@22.15.2):
    dependencies:
      '@inquirer/core': 10.1.10(@types/node@22.15.2)
      '@inquirer/prompts': 7.5.0(@types/node@22.15.2)
      '@inquirer/type': 3.0.6(@types/node@22.15.2)
      ansi-escapes: 4.3.2
      mute-stream: 2.0.0
      run-async: 3.0.0
      rxjs: 7.8.2
    optionalDependencies:
      '@types/node': 22.15.2

  is-fullwidth-code-point@3.0.0: {}

  lodash@4.17.21: {}

  mute-stream@2.0.0: {}

  os-tmpdir@1.0.2: {}

  resolve-pkg-maps@1.0.0: {}

  run-async@3.0.0: {}

  rxjs@7.8.2:
    dependencies:
      tslib: 2.8.1

  safer-buffer@2.1.2: {}

  signal-exit@4.1.0: {}

  string-width@4.2.3:
    dependencies:
      emoji-regex: 8.0.0
      is-fullwidth-code-point: 3.0.0
      strip-ansi: 6.0.1

  strip-ansi@6.0.1:
    dependencies:
      ansi-regex: 5.0.1

  tmp@0.0.33:
    dependencies:
      os-tmpdir: 1.0.2

  tslib@2.8.1: {}

  tsx@4.19.3:
    dependencies:
      esbuild: 0.25.3
      get-tsconfig: 4.10.0
    optionalDependencies:
      fsevents: 2.3.3

  type-fest@0.21.3: {}

  typescript@5.8.3: {}

  undici-types@6.21.0: {}

  wrap-ansi@6.2.0:
    dependencies:
      ansi-styles: 4.3.0
      string-width: 4.2.3
      strip-ansi: 6.0.1

  yoctocolors-cjs@2.1.2: {}
